
Microsoft Visual Studio Solution File, Format Version 12.00
# Visual Studio 15
VisualStudioVersion = 15.0.27130.2036
MinimumVisualStudioVersion = 10.0.40219.1
Project("{9A19103F-16F7-4668-BE54-9A1E7A4F7556}") = "Graphs", "src\Graphs\Graphs.csproj", "{0C13BFC3-8724-49C6-A258-CF9A2253AA8D}"
EndProject
Project("{2150E333-8FDC-42A3-9474-1A3956D46DE8}") = "Tests", "Tests", "{E24A2BDD-59D5-483B-943C-EBEF68E6DCC8}"
EndProject
Project("{9A19103F-16F7-4668-BE54-9A1E7A4F7556}") = "Graphs.Tests", "Tests\Graphs.Tests\Graphs.Tests.csproj", "{EF0739AF-F01F-4302-B30A-05A4E51C4ACE}"
EndProject
Project("{2150E333-8FDC-42A3-9474-1A3956D46DE8}") = "Clients", "Clients", "{A905DDDC-D1D8-49BB-94A8-EF6741FC56AC}"
EndProject
Project("{9A19103F-16F7-4668-BE54-9A1E7A4F7556}") = "DegreesOf Senuration", "Clients\DegreesOf Separation\DegreesOf Separation.csproj", "{06397C43-3E5B-4D10-9BEC-C2029BAF43AA}"
EndProject
Project("{9A19103F-16F7-4668-BE54-9A1E7A4F7556}") = "TopologicalSort", "Clients\TopologicalSort\TopologicalSort.csproj", "{EDEE16FB-7E8C-4C2A-B200-9C8DA9CB5FB2}"
EndProject
Project("{9A19103F-16F7-4668-BE54-9A1E7A4F7556}") = "VisualizingStronglyConnectedClients", "Clients\VisualizingStronglyConnectedClients\VisualizingStronglyConnectedClients.csproj", "{A714FD9F-0705-492F-A0CC-CC4E2DECBB2E}"
EndProject
Project("{9A19103F-16F7-4668-BE54-9A1E7A4F7556}") = "Commons", "src\Commons\Commons.csproj", "{0A50610C-69FB-4EAC-B9CE-16A3E9D99B88}"
EndProject
Project("{FAE04EC0-301F-11D3-BF4B-00C04F79EFBC}") = "Graphs.Common", "src\Graphs.Common\Graphs.Common.csproj", "{58A40266-B664-41B7-AB23-06A92A26F20F}"
EndProject
Project("{FAE04EC0-301F-11D3-BF4B-00C04F79EFBC}") = "Graphs.Weighted", "src\Graphs.Weighted\Graphs.Weighted.csproj", "{317B2E9E-8FF2-4B6D-A65E-49C3330ED1F4}"
EndProject
Project("{FAE04EC0-301F-11D3-BF4B-00C04F79EFBC}") = "Graph.Weighted.Tests", "Tests\Graph.Weighted.Tests\Graph.Weighted.Tests.csproj", "{A576A768-BDF3-471C-AB1C-AC748B76DFCC}"
EndProject
Global
	GlobalSection(SolutionConfigurationPlatforms) = preSolution
		Debug|Any CPU = Debug|Any CPU
		Debug|x64 = Debug|x64
		Release|Any CPU = Release|Any CPU
		Release|x64 = Release|x64
	EndGlobalSection
	GlobalSection(ProjectConfigurationPlatforms) = postSolution
		{0C13BFC3-8724-49C6-A258-CF9A2253AA8D}.Debug|Any CPU.ActiveCfg = Debug|Any CPU
		{0C13BFC3-8724-49C6-A258-CF9A2253AA8D}.Debug|Any CPU.Build.0 = Debug|Any CPU
		{0C13BFC3-8724-49C6-A258-CF9A2253AA8D}.Debug|x64.ActiveCfg = Debug|Any CPU
		{0C13BFC3-8724-49C6-A258-CF9A2253AA8D}.Debug|x64.Build.0 = Debug|Any CPU
		{0C13BFC3-8724-49C6-A258-CF9A2253AA8D}.Release|Any CPU.ActiveCfg = Release|Any CPU
		{0C13BFC3-8724-49C6-A258-CF9A2253AA8D}.Release|Any CPU.Build.0 = Release|Any CPU
		{0C13BFC3-8724-49C6-A258-CF9A2253AA8D}.Release|x64.ActiveCfg = Release|x64
		{0C13BFC3-8724-49C6-A258-CF9A2253AA8D}.Release|x64.Build.0 = Release|x64
		{EF0739AF-F01F-4302-B30A-05A4E51C4ACE}.Debug|Any CPU.ActiveCfg = Debug|Any CPU
		{EF0739AF-F01F-4302-B30A-05A4E51C4ACE}.Debug|Any CPU.Build.0 = Debug|Any CPU
		{EF0739AF-F01F-4302-B30A-05A4E51C4ACE}.Debug|x64.ActiveCfg = Debug|Any CPU
		{EF0739AF-F01F-4302-B30A-05A4E51C4ACE}.Debug|x64.Build.0 = Debug|Any CPU
		{EF0739AF-F01F-4302-B30A-05A4E51C4ACE}.Release|Any CPU.ActiveCfg = Release|Any CPU
		{EF0739AF-F01F-4302-B30A-05A4E51C4ACE}.Release|Any CPU.Build.0 = Release|Any CPU
		{EF0739AF-F01F-4302-B30A-05A4E51C4ACE}.Release|x64.ActiveCfg = Release|Any CPU
		{EF0739AF-F01F-4302-B30A-05A4E51C4ACE}.Release|x64.Build.0 = Release|Any CPU
		{06397C43-3E5B-4D10-9BEC-C2029BAF43AA}.Debug|Any CPU.ActiveCfg = Debug|Any CPU
		{06397C43-3E5B-4D10-9BEC-C2029BAF43AA}.Debug|Any CPU.Build.0 = Debug|Any CPU
		{06397C43-3E5B-4D10-9BEC-C2029BAF43AA}.Debug|x64.ActiveCfg = Debug|Any CPU
		{06397C43-3E5B-4D10-9BEC-C2029BAF43AA}.Debug|x64.Build.0 = Debug|Any CPU
		{06397C43-3E5B-4D10-9BEC-C2029BAF43AA}.Release|Any CPU.ActiveCfg = Release|Any CPU
		{06397C43-3E5B-4D10-9BEC-C2029BAF43AA}.Release|Any CPU.Build.0 = Release|Any CPU
		{06397C43-3E5B-4D10-9BEC-C2029BAF43AA}.Release|x64.ActiveCfg = Release|Any CPU
		{06397C43-3E5B-4D10-9BEC-C2029BAF43AA}.Release|x64.Build.0 = Release|Any CPU
		{EDEE16FB-7E8C-4C2A-B200-9C8DA9CB5FB2}.Debug|Any CPU.ActiveCfg = Debug|Any CPU
		{EDEE16FB-7E8C-4C2A-B200-9C8DA9CB5FB2}.Debug|Any CPU.Build.0 = Debug|Any CPU
		{EDEE16FB-7E8C-4C2A-B200-9C8DA9CB5FB2}.Debug|x64.ActiveCfg = Debug|Any CPU
		{EDEE16FB-7E8C-4C2A-B200-9C8DA9CB5FB2}.Debug|x64.Build.0 = Debug|Any CPU
		{EDEE16FB-7E8C-4C2A-B200-9C8DA9CB5FB2}.Release|Any CPU.ActiveCfg = Release|Any CPU
		{EDEE16FB-7E8C-4C2A-B200-9C8DA9CB5FB2}.Release|Any CPU.Build.0 = Release|Any CPU
		{EDEE16FB-7E8C-4C2A-B200-9C8DA9CB5FB2}.Release|x64.ActiveCfg = Release|Any CPU
		{EDEE16FB-7E8C-4C2A-B200-9C8DA9CB5FB2}.Release|x64.Build.0 = Release|Any CPU
		{A714FD9F-0705-492F-A0CC-CC4E2DECBB2E}.Debug|Any CPU.ActiveCfg = Debug|Any CPU
		{A714FD9F-0705-492F-A0CC-CC4E2DECBB2E}.Debug|Any CPU.Build.0 = Debug|Any CPU
		{A714FD9F-0705-492F-A0CC-CC4E2DECBB2E}.Debug|x64.ActiveCfg = Debug|Any CPU
		{A714FD9F-0705-492F-A0CC-CC4E2DECBB2E}.Debug|x64.Build.0 = Debug|Any CPU
		{A714FD9F-0705-492F-A0CC-CC4E2DECBB2E}.Release|Any CPU.ActiveCfg = Release|Any CPU
		{A714FD9F-0705-492F-A0CC-CC4E2DECBB2E}.Release|Any CPU.Build.0 = Release|Any CPU
		{A714FD9F-0705-492F-A0CC-CC4E2DECBB2E}.Release|x64.ActiveCfg = Release|Any CPU
		{A714FD9F-0705-492F-A0CC-CC4E2DECBB2E}.Release|x64.Build.0 = Release|Any CPU
		{0A50610C-69FB-4EAC-B9CE-16A3E9D99B88}.Debug|Any CPU.ActiveCfg = Debug|Any CPU
		{0A50610C-69FB-4EAC-B9CE-16A3E9D99B88}.Debug|Any CPU.Build.0 = Debug|Any CPU
		{0A50610C-69FB-4EAC-B9CE-16A3E9D99B88}.Debug|x64.ActiveCfg = Debug|Any CPU
		{0A50610C-69FB-4EAC-B9CE-16A3E9D99B88}.Debug|x64.Build.0 = Debug|Any CPU
		{0A50610C-69FB-4EAC-B9CE-16A3E9D99B88}.Release|Any CPU.ActiveCfg = Release|Any CPU
		{0A50610C-69FB-4EAC-B9CE-16A3E9D99B88}.Release|Any CPU.Build.0 = Release|Any CPU
		{0A50610C-69FB-4EAC-B9CE-16A3E9D99B88}.Release|x64.ActiveCfg = Release|Any CPU
		{0A50610C-69FB-4EAC-B9CE-16A3E9D99B88}.Release|x64.Build.0 = Release|Any CPU
		{58A40266-B664-41B7-AB23-06A92A26F20F}.Debug|Any CPU.ActiveCfg = Debug|Any CPU
		{58A40266-B664-41B7-AB23-06A92A26F20F}.Debug|Any CPU.Build.0 = Debug|Any CPU
		{58A40266-B664-41B7-AB23-06A92A26F20F}.Debug|x64.ActiveCfg = Debug|Any CPU
		{58A40266-B664-41B7-AB23-06A92A26F20F}.Debug|x64.Build.0 = Debug|Any CPU
		{58A40266-B664-41B7-AB23-06A92A26F20F}.Release|Any CPU.ActiveCfg = Release|Any CPU
		{58A40266-B664-41B7-AB23-06A92A26F20F}.Release|Any CPU.Build.0 = Release|Any CPU
		{58A40266-B664-41B7-AB23-06A92A26F20F}.Release|x64.ActiveCfg = Release|Any CPU
		{58A40266-B664-41B7-AB23-06A92A26F20F}.Release|x64.Build.0 = Release|Any CPU
		{317B2E9E-8FF2-4B6D-A65E-49C3330ED1F4}.Debug|Any CPU.ActiveCfg = Debug|Any CPU
		{317B2E9E-8FF2-4B6D-A65E-49C3330ED1F4}.Debug|Any CPU.Build.0 = Debug|Any CPU
		{317B2E9E-8FF2-4B6D-A65E-49C3330ED1F4}.Debug|x64.ActiveCfg = Debug|Any CPU
		{317B2E9E-8FF2-4B6D-A65E-49C3330ED1F4}.Debug|x64.Build.0 = Debug|Any CPU
		{317B2E9E-8FF2-4B6D-A65E-49C3330ED1F4}.Release|Any CPU.ActiveCfg = Release|Any CPU
		{317B2E9E-8FF2-4B6D-A65E-49C3330ED1F4}.Release|Any CPU.Build.0 = Release|Any CPU
		{317B2E9E-8FF2-4B6D-A65E-49C3330ED1F4}.Release|x64.ActiveCfg = Release|Any CPU
		{317B2E9E-8FF2-4B6D-A65E-49C3330ED1F4}.Release|x64.Build.0 = Release|Any CPU
		{A576A768-BDF3-471C-AB1C-AC748B76DFCC}.Debug|Any CPU.ActiveCfg = Debug|Any CPU
		{A576A768-BDF3-471C-AB1C-AC748B76DFCC}.Debug|Any CPU.Build.0 = Debug|Any CPU
		{A576A768-BDF3-471C-AB1C-AC748B76DFCC}.Debug|x64.ActiveCfg = Debug|Any CPU
		{A576A768-BDF3-471C-AB1C-AC748B76DFCC}.Debug|x64.Build.0 = Debug|Any CPU
		{A576A768-BDF3-471C-AB1C-AC748B76DFCC}.Release|Any CPU.ActiveCfg = Release|Any CPU
		{A576A768-BDF3-471C-AB1C-AC748B76DFCC}.Release|Any CPU.Build.0 = Release|Any CPU
		{A576A768-BDF3-471C-AB1C-AC748B76DFCC}.Release|x64.ActiveCfg = Release|Any CPU
		{A576A768-BDF3-471C-AB1C-AC748B76DFCC}.Release|x64.Build.0 = Release|Any CPU
	EndGlobalSection
	GlobalSection(SolutionProperties) = preSolution
		HideSolutionNode = FALSE
	EndGlobalSection
	GlobalSection(NestedProjects) = preSolution
		{EF0739AF-F01F-4302-B30A-05A4E51C4ACE} = {E24A2BDD-59D5-483B-943C-EBEF68E6DCC8}
		{06397C43-3E5B-4D10-9BEC-C2029BAF43AA} = {A905DDDC-D1D8-49BB-94A8-EF6741FC56AC}
		{EDEE16FB-7E8C-4C2A-B200-9C8DA9CB5FB2} = {A905DDDC-D1D8-49BB-94A8-EF6741FC56AC}
		{A714FD9F-0705-492F-A0CC-CC4E2DECBB2E} = {A905DDDC-D1D8-49BB-94A8-EF6741FC56AC}
		{A576A768-BDF3-471C-AB1C-AC748B76DFCC} = {E24A2BDD-59D5-483B-943C-EBEF68E6DCC8}
	EndGlobalSection
	GlobalSection(ExtensibilityGlobals) = postSolution
		SolutionGuid = {5E8C8676-B430-47CD-B0EC-E7D752C79013}
	EndGlobalSection
EndGlobal
